
Microsoft Visual Studio Solution File, Format Version 12.00
# Visual Studio Version 16
VisualStudioVersion = 16.0.32126.315
MinimumVisualStudioVersion = 10.0.40219.1
Project("{FAE04EC0-301F-11D3-BF4B-00C04F79EFBC}") = "PolizaSeguro.Api", "PolizaSeguro.Api\PolizaSeguro.Api.csproj", "{1E7C9FEB-5B9F-4BF7-B919-87579CE15BB8}"
EndProject
Project("{FAE04EC0-301F-11D3-BF4B-00C04F79EFBC}") = "PolizaSeguro.Core", "PolizaSeguro.Core\PolizaSeguro.Core.csproj", "{B5A9EBF8-59A9-4A01-9E78-339511E57736}"
EndProject
Project("{FAE04EC0-301F-11D3-BF4B-00C04F79EFBC}") = "PolizaSeguro.Infrastructure", "PolizaSeguro.Infrastructure\PolizaSeguro.Infrastructure.csproj", "{91B44DB0-2B24-495C-B941-D14E4DBE8CB8}"
EndProject
Project("{2150E333-8FDC-42A3-9474-1A3956D46DE8}") = "Test", "Test", "{389562A9-08EB-44D7-B5B8-CA32420EEB97}"
EndProject
Project("{FAE04EC0-301F-11D3-BF4B-00C04F79EFBC}") = "PolizaSeguro.UnitTest", "PolizaSeguro.UnitTest\PolizaSeguro.UnitTest.csproj", "{562AD7B4-E060-4C65-A1BA-197083D094A9}"
EndProject
Project("{FAE04EC0-301F-11D3-BF4B-00C04F79EFBC}") = "PolizaSeguro.IntegrationTest", "PolizaSeguro.IntegrationTest\PolizaSeguro.IntegrationTest.csproj", "{161A3A78-9380-4193-85A1-A0D86B98804C}"
EndProject
Global
	GlobalSection(SolutionConfigurationPlatforms) = preSolution
		Debug|Any CPU = Debug|Any CPU
		Release|Any CPU = Release|Any CPU
	EndGlobalSection
	GlobalSection(ProjectConfigurationPlatforms) = postSolution
		{1E7C9FEB-5B9F-4BF7-B919-87579CE15BB8}.Debug|Any CPU.ActiveCfg = Debug|Any CPU
		{1E7C9FEB-5B9F-4BF7-B919-87579CE15BB8}.Debug|Any CPU.Build.0 = Debug|Any CPU
		{1E7C9FEB-5B9F-4BF7-B919-87579CE15BB8}.Release|Any CPU.ActiveCfg = Release|Any CPU
		{1E7C9FEB-5B9F-4BF7-B919-87579CE15BB8}.Release|Any CPU.Build.0 = Release|Any CPU
		{B5A9EBF8-59A9-4A01-9E78-339511E57736}.Debug|Any CPU.ActiveCfg = Debug|Any CPU
		{B5A9EBF8-59A9-4A01-9E78-339511E57736}.Debug|Any CPU.Build.0 = Debug|Any CPU
		{B5A9EBF8-59A9-4A01-9E78-339511E57736}.Release|Any CPU.ActiveCfg = Release|Any CPU
		{B5A9EBF8-59A9-4A01-9E78-339511E57736}.Release|Any CPU.Build.0 = Release|Any CPU
		{91B44DB0-2B24-495C-B941-D14E4DBE8CB8}.Debug|Any CPU.ActiveCfg = Debug|Any CPU
		{91B44DB0-2B24-495C-B941-D14E4DBE8CB8}.Debug|Any CPU.Build.0 = Debug|Any CPU
		{91B44DB0-2B24-495C-B941-D14E4DBE8CB8}.Release|Any CPU.ActiveCfg = Release|Any CPU
		{91B44DB0-2B24-495C-B941-D14E4DBE8CB8}.Release|Any CPU.Build.0 = Release|Any CPU
		{562AD7B4-E060-4C65-A1BA-197083D094A9}.Debug|Any CPU.ActiveCfg = Debug|Any CPU
		{562AD7B4-E060-4C65-A1BA-197083D094A9}.Debug|Any CPU.Build.0 = Debug|Any CPU
		{562AD7B4-E060-4C65-A1BA-197083D094A9}.Release|Any CPU.ActiveCfg = Release|Any CPU
		{562AD7B4-E060-4C65-A1BA-197083D094A9}.Release|Any CPU.Build.0 = Release|Any CPU
		{161A3A78-9380-4193-85A1-A0D86B98804C}.Debug|Any CPU.ActiveCfg = Debug|Any CPU
		{161A3A78-9380-4193-85A1-A0D86B98804C}.Debug|Any CPU.Build.0 = Debug|Any CPU
		{161A3A78-9380-4193-85A1-A0D86B98804C}.Release|Any CPU.ActiveCfg = Release|Any CPU
		{161A3A78-9380-4193-85A1-A0D86B98804C}.Release|Any CPU.Build.0 = Release|Any CPU
	EndGlobalSection
	GlobalSection(SolutionProperties) = preSolution
		HideSolutionNode = FALSE
	EndGlobalSection
	GlobalSection(NestedProjects) = preSolution
		{562AD7B4-E060-4C65-A1BA-197083D094A9} = {389562A9-08EB-44D7-B5B8-CA32420EEB97}
		{161A3A78-9380-4193-85A1-A0D86B98804C} = {389562A9-08EB-44D7-B5B8-CA32420EEB97}
	EndGlobalSection
	GlobalSection(ExtensibilityGlobals) = postSolution
		SolutionGuid = {82B78388-F78A-4587-A3AC-562571161A8D}
	EndGlobalSection
EndGlobal
